
Microsoft Visual Studio Solution File, Format Version 12.00
# Visual Studio Version 16
VisualStudioVersion = 16.0.29613.14
MinimumVisualStudioVersion = 10.0.40219.1
Project("{FAE04EC0-301F-11D3-BF4B-00C04F79EFBC}") = "HandyHwanseEditor", "HandyHwanseEditor\HandyHwanseEditor.csproj", "{CA5F3BFA-A536-4265-8E10-9EE0525D43F9}"
EndProject
Global
	GlobalSection(SolutionConfigurationPlatforms) = preSolution
		Debug|Any CPU = Debug|Any CPU
		Release|Any CPU = Release|Any CPU
	EndGlobalSection
	GlobalSection(ProjectConfigurationPlatforms) = postSolution
		{CA5F3BFA-A536-4265-8E10-9EE0525D43F9}.Debug|Any CPU.ActiveCfg = Debug|Any CPU
		{CA5F3BFA-A536-4265-8E10-9EE0525D43F9}.Debug|Any CPU.Build.0 = Debug|Any CPU
		{CA5F3BFA-A536-4265-8E10-9EE0525D43F9}.Release|Any CPU.ActiveCfg = Release|Any CPU
		{CA5F3BFA-A536-4265-8E10-9EE0525D43F9}.Release|Any CPU.Build.0 = Release|Any CPU
	EndGlobalSection
	GlobalSection(SolutionProperties) = preSolution
		HideSolutionNode = FALSE
	EndGlobalSection
	GlobalSection(ExtensibilityGlobals) = postSolution
		SolutionGuid = {56EC44ED-9109-4315-BF78-4167CC9C03A1}
	EndGlobalSection
EndGlobal
